
Microsoft Visual Studio Solution File, Format Version 12.00
# Visual Studio Version 17
VisualStudioVersion = 17.10.35122.118
MinimumVisualStudioVersion = 10.0.40219.1
Project("{9A19103F-16F7-4668-BE54-9A1E7A4F7556}") = "FirstAPI", "FirstAPI\FirstAPI.csproj", "{C6FC868C-C1E4-4FC1-A702-642E33C464CB}"
EndProject
Global
	GlobalSection(SolutionConfigurationPlatforms) = preSolution
		Debug|Any CPU = Debug|Any CPU
		Release|Any CPU = Release|Any CPU
	EndGlobalSection
	GlobalSection(ProjectConfigurationPlatforms) = postSolution
		{C6FC868C-C1E4-4FC1-A702-642E33C464CB}.Debug|Any CPU.ActiveCfg = Debug|Any CPU
		{C6FC868C-C1E4-4FC1-A702-642E33C464CB}.Debug|Any CPU.Build.0 = Debug|Any CPU
		{C6FC868C-C1E4-4FC1-A702-642E33C464CB}.Release|Any CPU.ActiveCfg = Release|Any CPU
		{C6FC868C-C1E4-4FC1-A702-642E33C464CB}.Release|Any CPU.Build.0 = Release|Any CPU
	EndGlobalSection
	GlobalSection(SolutionProperties) = preSolution
		HideSolutionNode = FALSE
	EndGlobalSection
	GlobalSection(ExtensibilityGlobals) = postSolution
		SolutionGuid = {3635A802-7B07-4BA8-896A-9408AC7D2F1F}
	EndGlobalSection
EndGlobal
